
Microsoft Visual Studio Solution File, Format Version 11.00
# Visual Studio 2010
Project("{A0786B88-2ADB-4C21-ABE8-AA2D79766269}") = "MT", "MT.phpproj", "{D00C1FB4-AF34-407C-AB39-D297130B9997}"
EndProject
Global
	GlobalSection(SolutionConfigurationPlatforms) = preSolution
		Debug|Any CPU = Debug|Any CPU
		Release|Any CPU = Release|Any CPU
	EndGlobalSection
	GlobalSection(ProjectConfigurationPlatforms) = postSolution
		{D00C1FB4-AF34-407C-AB39-D297130B9997}.Debug|Any CPU.ActiveCfg = Debug|Any CPU
		{D00C1FB4-AF34-407C-AB39-D297130B9997}.Debug|Any CPU.Build.0 = Debug|Any CPU
		{D00C1FB4-AF34-407C-AB39-D297130B9997}.Release|Any CPU.ActiveCfg = Release|Any CPU
		{D00C1FB4-AF34-407C-AB39-D297130B9997}.Release|Any CPU.Build.0 = Release|Any CPU
	EndGlobalSection
	GlobalSection(SolutionProperties) = preSolution
		HideSolutionNode = FALSE
	EndGlobalSection
EndGlobal
